
Microsoft Visual Studio Solution File, Format Version 12.00
# Visual Studio Version 17
VisualStudioVersion = 17.7.34202.233
MinimumVisualStudioVersion = 10.0.40219.1
Project("{8BC9CEB8-8B4A-11D0-8D11-00A0C91BC942}") = "untitled4", "untitled4.vcxproj", "{3CB7C282-FF66-380F-9C8A-BDD96F1EFEC6}"
EndProject
Global
	GlobalSection(SolutionConfigurationPlatforms) = preSolution
		Debug|x64 = Debug|x64
		Release|x64 = Release|x64
	EndGlobalSection
	GlobalSection(ProjectConfigurationPlatforms) = postSolution
		{3CB7C282-FF66-380F-9C8A-BDD96F1EFEC6}.Debug|x64.ActiveCfg = Debug|x64
		{3CB7C282-FF66-380F-9C8A-BDD96F1EFEC6}.Debug|x64.Build.0 = Debug|x64
		{3CB7C282-FF66-380F-9C8A-BDD96F1EFEC6}.Release|x64.ActiveCfg = Release|x64
		{3CB7C282-FF66-380F-9C8A-BDD96F1EFEC6}.Release|x64.Build.0 = Release|x64
	EndGlobalSection
	GlobalSection(SolutionProperties) = preSolution
		HideSolutionNode = FALSE
	EndGlobalSection
	GlobalSection(ExtensibilityGlobals) = postSolution
		SolutionGuid = {9D4E8D39-08FF-4B81-8D1B-EFF03CEB7160}
	EndGlobalSection
EndGlobal
